
Microsoft Visual Studio Solution File, Format Version 12.00
Project("{FAE04EC0-301F-11D3-BF4B-00C04F79EFBC}") = "CleanFirmeza.Domain", "src\CleanFirmeza.Domain\CleanFirmeza.Domain.csproj", "{34B8C8C0-D439-46A7-8DF7-F5DE916FA31D}"
EndProject
Project("{FAE04EC0-301F-11D3-BF4B-00C04F79EFBC}") = "CleanFirmeza.Application", "src\CleanFirmeza.Application\CleanFirmeza.Application.csproj", "{9FD71800-7518-4B62-BB48-BD936AEA9B7F}"
EndProject
Project("{FAE04EC0-301F-11D3-BF4B-00C04F79EFBC}") = "CleanFirmeza.Infrastructure", "src\CleanFirmeza.Infrastructure\CleanFirmeza.Infrastructure.csproj", "{51E30974-33A3-4BC3-8D4D-57ADACC5E9D0}"
EndProject
Global
	GlobalSection(SolutionConfigurationPlatforms) = preSolution
		Debug|Any CPU = Debug|Any CPU
		Release|Any CPU = Release|Any CPU
	EndGlobalSection
	GlobalSection(ProjectConfigurationPlatforms) = postSolution
		{34B8C8C0-D439-46A7-8DF7-F5DE916FA31D}.Debug|Any CPU.ActiveCfg = Debug|Any CPU
		{34B8C8C0-D439-46A7-8DF7-F5DE916FA31D}.Debug|Any CPU.Build.0 = Debug|Any CPU
		{34B8C8C0-D439-46A7-8DF7-F5DE916FA31D}.Release|Any CPU.ActiveCfg = Release|Any CPU
		{34B8C8C0-D439-46A7-8DF7-F5DE916FA31D}.Release|Any CPU.Build.0 = Release|Any CPU
		{9FD71800-7518-4B62-BB48-BD936AEA9B7F}.Debug|Any CPU.ActiveCfg = Debug|Any CPU
		{9FD71800-7518-4B62-BB48-BD936AEA9B7F}.Debug|Any CPU.Build.0 = Debug|Any CPU
		{9FD71800-7518-4B62-BB48-BD936AEA9B7F}.Release|Any CPU.ActiveCfg = Release|Any CPU
		{9FD71800-7518-4B62-BB48-BD936AEA9B7F}.Release|Any CPU.Build.0 = Release|Any CPU
		{51E30974-33A3-4BC3-8D4D-57ADACC5E9D0}.Debug|Any CPU.ActiveCfg = Debug|Any CPU
		{51E30974-33A3-4BC3-8D4D-57ADACC5E9D0}.Debug|Any CPU.Build.0 = Debug|Any CPU
		{51E30974-33A3-4BC3-8D4D-57ADACC5E9D0}.Release|Any CPU.ActiveCfg = Release|Any CPU
		{51E30974-33A3-4BC3-8D4D-57ADACC5E9D0}.Release|Any CPU.Build.0 = Release|Any CPU
	EndGlobalSection
EndGlobal
